
Microsoft Visual Studio Solution File, Format Version 12.00
# Visual Studio 15
VisualStudioVersion = 15.0.28307.421
MinimumVisualStudioVersion = 10.0.40219.1
Project("{FAE04EC0-301F-11D3-BF4B-00C04F79EFBC}") = "BelajarPassValue", "BelajarPassValue\BelajarPassValue.csproj", "{E8E1B87D-C2B8-445C-98DD-222FCD842955}"
EndProject
Global
	GlobalSection(SolutionConfigurationPlatforms) = preSolution
		Debug|Any CPU = Debug|Any CPU
		Release|Any CPU = Release|Any CPU
	EndGlobalSection
	GlobalSection(ProjectConfigurationPlatforms) = postSolution
		{E8E1B87D-C2B8-445C-98DD-222FCD842955}.Debug|Any CPU.ActiveCfg = Debug|Any CPU
		{E8E1B87D-C2B8-445C-98DD-222FCD842955}.Debug|Any CPU.Build.0 = Debug|Any CPU
		{E8E1B87D-C2B8-445C-98DD-222FCD842955}.Release|Any CPU.ActiveCfg = Release|Any CPU
		{E8E1B87D-C2B8-445C-98DD-222FCD842955}.Release|Any CPU.Build.0 = Release|Any CPU
	EndGlobalSection
	GlobalSection(SolutionProperties) = preSolution
		HideSolutionNode = FALSE
	EndGlobalSection
	GlobalSection(ExtensibilityGlobals) = postSolution
		SolutionGuid = {61E617E1-846C-4C6B-B12D-A0893AC1087C}
	EndGlobalSection
EndGlobal
