
Microsoft Visual Studio Solution File, Format Version 12.00
# Visual Studio 15
VisualStudioVersion = 15.0.28307.421
MinimumVisualStudioVersion = 10.0.40219.1
Project("{FAE04EC0-301F-11D3-BF4B-00C04F79EFBC}") = "pertemuan6", "pertemuan6\pertemuan6.csproj", "{226F37A0-6021-4DAD-893B-E4EA16B73275}"
EndProject
Global
	GlobalSection(SolutionConfigurationPlatforms) = preSolution
		Debug|Any CPU = Debug|Any CPU
		Release|Any CPU = Release|Any CPU
	EndGlobalSection
	GlobalSection(ProjectConfigurationPlatforms) = postSolution
		{226F37A0-6021-4DAD-893B-E4EA16B73275}.Debug|Any CPU.ActiveCfg = Debug|Any CPU
		{226F37A0-6021-4DAD-893B-E4EA16B73275}.Debug|Any CPU.Build.0 = Debug|Any CPU
		{226F37A0-6021-4DAD-893B-E4EA16B73275}.Release|Any CPU.ActiveCfg = Release|Any CPU
		{226F37A0-6021-4DAD-893B-E4EA16B73275}.Release|Any CPU.Build.0 = Release|Any CPU
	EndGlobalSection
	GlobalSection(SolutionProperties) = preSolution
		HideSolutionNode = FALSE
	EndGlobalSection
	GlobalSection(ExtensibilityGlobals) = postSolution
		SolutionGuid = {F2D8FBE2-DD65-4D7A-8695-3B0B92BC7D1B}
	EndGlobalSection
EndGlobal
